
Microsoft Visual Studio Solution File, Format Version 12.00
# Visual Studio Version 16
VisualStudioVersion = 16.0.29920.165
MinimumVisualStudioVersion = 10.0.40219.1
Project("{FAE04EC0-301F-11D3-BF4B-00C04F79EFBC}") = "phoneword.UWP", "phoneword\phoneword.UWP\phoneword.UWP.csproj", "{8FB22B91-7FC7-4C96-A710-EF7D5F422C17}"
EndProject
Project("{FAE04EC0-301F-11D3-BF4B-00C04F79EFBC}") = "phoneword.Android", "phoneword\phoneword.Android\phoneword.Android.csproj", "{3C9AADAE-16A0-4359-B6E4-B167A0AD569D}"
EndProject
Project("{FAE04EC0-301F-11D3-BF4B-00C04F79EFBC}") = "phoneword.iOS", "phoneword\phoneword.iOS\phoneword.iOS.csproj", "{7FB7901B-A1EE-46AB-829A-737B1F7F299F}"
EndProject
Project("{FAE04EC0-301F-11D3-BF4B-00C04F79EFBC}") = "phoneword", "phoneword\phoneword\phoneword.csproj", "{93031082-E110-4DE2-8B64-C252DFE71296}"
EndProject
Global
	GlobalSection(SolutionConfigurationPlatforms) = preSolution
		Debug|Any CPU = Debug|Any CPU
		Debug|ARM = Debug|ARM
		Debug|iPhone = Debug|iPhone
		Debug|iPhoneSimulator = Debug|iPhoneSimulator
		Debug|x64 = Debug|x64
		Debug|x86 = Debug|x86
		Release|Any CPU = Release|Any CPU
		Release|ARM = Release|ARM
		Release|iPhone = Release|iPhone
		Release|iPhoneSimulator = Release|iPhoneSimulator
		Release|x64 = Release|x64
		Release|x86 = Release|x86
	EndGlobalSection
	GlobalSection(ProjectConfigurationPlatforms) = postSolution
		{8FB22B91-7FC7-4C96-A710-EF7D5F422C17}.Debug|Any CPU.ActiveCfg = Debug|x86
		{8FB22B91-7FC7-4C96-A710-EF7D5F422C17}.Debug|Any CPU.Build.0 = Debug|x86
		{8FB22B91-7FC7-4C96-A710-EF7D5F422C17}.Debug|Any CPU.Deploy.0 = Debug|x86
		{8FB22B91-7FC7-4C96-A710-EF7D5F422C17}.Debug|ARM.ActiveCfg = Debug|ARM
		{8FB22B91-7FC7-4C96-A710-EF7D5F422C17}.Debug|ARM.Build.0 = Debug|ARM
		{8FB22B91-7FC7-4C96-A710-EF7D5F422C17}.Debug|ARM.Deploy.0 = Debug|ARM
		{8FB22B91-7FC7-4C96-A710-EF7D5F422C17}.Debug|iPhone.ActiveCfg = Debug|x86
		{8FB22B91-7FC7-4C96-A710-EF7D5F422C17}.Debug|iPhone.Build.0 = Debug|x86
		{8FB22B91-7FC7-4C96-A710-EF7D5F422C17}.Debug|iPhone.Deploy.0 = Debug|x86
		{8FB22B91-7FC7-4C96-A710-EF7D5F422C17}.Debug|iPhoneSimulator.ActiveCfg = Debug|x86
		{8FB22B91-7FC7-4C96-A710-EF7D5F422C17}.Debug|iPhoneSimulator.Build.0 = Debug|x86
		{8FB22B91-7FC7-4C96-A710-EF7D5F422C17}.Debug|iPhoneSimulator.Deploy.0 = Debug|x86
		{8FB22B91-7FC7-4C96-A710-EF7D5F422C17}.Debug|x64.ActiveCfg = Debug|x64
		{8FB22B91-7FC7-4C96-A710-EF7D5F422C17}.Debug|x64.Build.0 = Debug|x64
		{8FB22B91-7FC7-4C96-A710-EF7D5F422C17}.Debug|x64.Deploy.0 = Debug|x64
		{8FB22B91-7FC7-4C96-A710-EF7D5F422C17}.Debug|x86.ActiveCfg = Debug|x86
		{8FB22B91-7FC7-4C96-A710-EF7D5F422C17}.Debug|x86.Build.0 = Debug|x86
		{8FB22B91-7FC7-4C96-A710-EF7D5F422C17}.Debug|x86.Deploy.0 = Debug|x86
		{8FB22B91-7FC7-4C96-A710-EF7D5F422C17}.Release|Any CPU.ActiveCfg = Release|x86
		{8FB22B91-7FC7-4C96-A710-EF7D5F422C17}.Release|Any CPU.Build.0 = Release|x86
		{8FB22B91-7FC7-4C96-A710-EF7D5F422C17}.Release|Any CPU.Deploy.0 = Release|x86
		{8FB22B91-7FC7-4C96-A710-EF7D5F422C17}.Release|ARM.ActiveCfg = Release|ARM
		{8FB22B91-7FC7-4C96-A710-EF7D5F422C17}.Release|ARM.Build.0 = Release|ARM
		{8FB22B91-7FC7-4C96-A710-EF7D5F422C17}.Release|ARM.Deploy.0 = Release|ARM
		{8FB22B91-7FC7-4C96-A710-EF7D5F422C17}.Release|iPhone.ActiveCfg = Release|x86
		{8FB22B91-7FC7-4C96-A710-EF7D5F422C17}.Release|iPhone.Build.0 = Release|x86
		{8FB22B91-7FC7-4C96-A710-EF7D5F422C17}.Release|iPhone.Deploy.0 = Release|x86
		{8FB22B91-7FC7-4C96-A710-EF7D5F422C17}.Release|iPhoneSimulator.ActiveCfg = Release|x86
		{8FB22B91-7FC7-4C96-A710-EF7D5F422C17}.Release|iPhoneSimulator.Build.0 = Release|x86
		{8FB22B91-7FC7-4C96-A710-EF7D5F422C17}.Release|iPhoneSimulator.Deploy.0 = Release|x86
		{8FB22B91-7FC7-4C96-A710-EF7D5F422C17}.Release|x64.ActiveCfg = Release|x64
		{8FB22B91-7FC7-4C96-A710-EF7D5F422C17}.Release|x64.Build.0 = Release|x64
		{8FB22B91-7FC7-4C96-A710-EF7D5F422C17}.Release|x64.Deploy.0 = Release|x64
		{8FB22B91-7FC7-4C96-A710-EF7D5F422C17}.Release|x86.ActiveCfg = Release|x86
		{8FB22B91-7FC7-4C96-A710-EF7D5F422C17}.Release|x86.Build.0 = Release|x86
		{8FB22B91-7FC7-4C96-A710-EF7D5F422C17}.Release|x86.Deploy.0 = Release|x86
		{3C9AADAE-16A0-4359-B6E4-B167A0AD569D}.Debug|Any CPU.ActiveCfg = Debug|Any CPU
		{3C9AADAE-16A0-4359-B6E4-B167A0AD569D}.Debug|Any CPU.Build.0 = Debug|Any CPU
		{3C9AADAE-16A0-4359-B6E4-B167A0AD569D}.Debug|Any CPU.Deploy.0 = Debug|Any CPU
		{3C9AADAE-16A0-4359-B6E4-B167A0AD569D}.Debug|ARM.ActiveCfg = Debug|Any CPU
		{3C9AADAE-16A0-4359-B6E4-B167A0AD569D}.Debug|ARM.Build.0 = Debug|Any CPU
		{3C9AADAE-16A0-4359-B6E4-B167A0AD569D}.Debug|ARM.Deploy.0 = Debug|Any CPU
		{3C9AADAE-16A0-4359-B6E4-B167A0AD569D}.Debug|iPhone.ActiveCfg = Debug|Any CPU
		{3C9AADAE-16A0-4359-B6E4-B167A0AD569D}.Debug|iPhone.Build.0 = Debug|Any CPU
		{3C9AADAE-16A0-4359-B6E4-B167A0AD569D}.Debug|iPhone.Deploy.0 = Debug|Any CPU
		{3C9AADAE-16A0-4359-B6E4-B167A0AD569D}.Debug|iPhoneSimulator.ActiveCfg = Debug|Any CPU
		{3C9AADAE-16A0-4359-B6E4-B167A0AD569D}.Debug|iPhoneSimulator.Build.0 = Debug|Any CPU
		{3C9AADAE-16A0-4359-B6E4-B167A0AD569D}.Debug|iPhoneSimulator.Deploy.0 = Debug|Any CPU
		{3C9AADAE-16A0-4359-B6E4-B167A0AD569D}.Debug|x64.ActiveCfg = Debug|Any CPU
		{3C9AADAE-16A0-4359-B6E4-B167A0AD569D}.Debug|x64.Build.0 = Debug|Any CPU
		{3C9AADAE-16A0-4359-B6E4-B167A0AD569D}.Debug|x64.Deploy.0 = Debug|Any CPU
		{3C9AADAE-16A0-4359-B6E4-B167A0AD569D}.Debug|x86.ActiveCfg = Debug|Any CPU
		{3C9AADAE-16A0-4359-B6E4-B167A0AD569D}.Debug|x86.Build.0 = Debug|Any CPU
		{3C9AADAE-16A0-4359-B6E4-B167A0AD569D}.Debug|x86.Deploy.0 = Debug|Any CPU
		{3C9AADAE-16A0-4359-B6E4-B167A0AD569D}.Release|Any CPU.ActiveCfg = Release|Any CPU
		{3C9AADAE-16A0-4359-B6E4-B167A0AD569D}.Release|Any CPU.Build.0 = Release|Any CPU
		{3C9AADAE-16A0-4359-B6E4-B167A0AD569D}.Release|Any CPU.Deploy.0 = Release|Any CPU
		{3C9AADAE-16A0-4359-B6E4-B167A0AD569D}.Release|ARM.ActiveCfg = Release|Any CPU
		{3C9AADAE-16A0-4359-B6E4-B167A0AD569D}.Release|ARM.Build.0 = Release|Any CPU
		{3C9AADAE-16A0-4359-B6E4-B167A0AD569D}.Release|ARM.Deploy.0 = Release|Any CPU
		{3C9AADAE-16A0-4359-B6E4-B167A0AD569D}.Release|iPhone.ActiveCfg = Release|Any CPU
		{3C9AADAE-16A0-4359-B6E4-B167A0AD569D}.Release|iPhone.Build.0 = Release|Any CPU
		{3C9AADAE-16A0-4359-B6E4-B167A0AD569D}.Release|iPhone.Deploy.0 = Release|Any CPU
		{3C9AADAE-16A0-4359-B6E4-B167A0AD569D}.Release|iPhoneSimulator.ActiveCfg = Release|Any CPU
		{3C9AADAE-16A0-4359-B6E4-B167A0AD569D}.Release|iPhoneSimulator.Build.0 = Release|Any CPU
		{3C9AADAE-16A0-4359-B6E4-B167A0AD569D}.Release|iPhoneSimulator.Deploy.0 = Release|Any CPU
		{3C9AADAE-16A0-4359-B6E4-B167A0AD569D}.Release|x64.ActiveCfg = Release|Any CPU
		{3C9AADAE-16A0-4359-B6E4-B167A0AD569D}.Release|x64.Build.0 = Release|Any CPU
		{3C9AADAE-16A0-4359-B6E4-B167A0AD569D}.Release|x64.Deploy.0 = Release|Any CPU
		{3C9AADAE-16A0-4359-B6E4-B167A0AD569D}.Release|x86.ActiveCfg = Release|Any CPU
		{3C9AADAE-16A0-4359-B6E4-B167A0AD569D}.Release|x86.Build.0 = Release|Any CPU
		{3C9AADAE-16A0-4359-B6E4-B167A0AD569D}.Release|x86.Deploy.0 = Release|Any CPU
		{7FB7901B-A1EE-46AB-829A-737B1F7F299F}.Debug|Any CPU.ActiveCfg = Debug|iPhone
		{7FB7901B-A1EE-46AB-829A-737B1F7F299F}.Debug|Any CPU.Build.0 = Debug|iPhone
		{7FB7901B-A1EE-46AB-829A-737B1F7F299F}.Debug|Any CPU.Deploy.0 = Debug|iPhone
		{7FB7901B-A1EE-46AB-829A-737B1F7F299F}.Debug|ARM.ActiveCfg = Debug|iPhone
		{7FB7901B-A1EE-46AB-829A-737B1F7F299F}.Debug|ARM.Build.0 = Debug|iPhone
		{7FB7901B-A1EE-46AB-829A-737B1F7F299F}.Debug|ARM.Deploy.0 = Debug|iPhone
		{7FB7901B-A1EE-46AB-829A-737B1F7F299F}.Debug|iPhone.ActiveCfg = Debug|iPhone
		{7FB7901B-A1EE-46AB-829A-737B1F7F299F}.Debug|iPhone.Build.0 = Debug|iPhone
		{7FB7901B-A1EE-46AB-829A-737B1F7F299F}.Debug|iPhone.Deploy.0 = Debug|iPhone
		{7FB7901B-A1EE-46AB-829A-737B1F7F299F}.Debug|iPhoneSimulator.ActiveCfg = Debug|iPhoneSimulator
		{7FB7901B-A1EE-46AB-829A-737B1F7F299F}.Debug|iPhoneSimulator.Build.0 = Debug|iPhoneSimulator
		{7FB7901B-A1EE-46AB-829A-737B1F7F299F}.Debug|iPhoneSimulator.Deploy.0 = Debug|iPhoneSimulator
		{7FB7901B-A1EE-46AB-829A-737B1F7F299F}.Debug|x64.ActiveCfg = Debug|iPhone
		{7FB7901B-A1EE-46AB-829A-737B1F7F299F}.Debug|x64.Build.0 = Debug|iPhone
		{7FB7901B-A1EE-46AB-829A-737B1F7F299F}.Debug|x64.Deploy.0 = Debug|iPhone
		{7FB7901B-A1EE-46AB-829A-737B1F7F299F}.Debug|x86.ActiveCfg = Debug|iPhone
		{7FB7901B-A1EE-46AB-829A-737B1F7F299F}.Debug|x86.Build.0 = Debug|iPhone
		{7FB7901B-A1EE-46AB-829A-737B1F7F299F}.Debug|x86.Deploy.0 = Debug|iPhone
		{7FB7901B-A1EE-46AB-829A-737B1F7F299F}.Release|Any CPU.ActiveCfg = Release|iPhone
		{7FB7901B-A1EE-46AB-829A-737B1F7F299F}.Release|Any CPU.Build.0 = Release|iPhone
		{7FB7901B-A1EE-46AB-829A-737B1F7F299F}.Release|Any CPU.Deploy.0 = Release|iPhone
		{7FB7901B-A1EE-46AB-829A-737B1F7F299F}.Release|ARM.ActiveCfg = Release|iPhone
		{7FB7901B-A1EE-46AB-829A-737B1F7F299F}.Release|ARM.Build.0 = Release|iPhone
		{7FB7901B-A1EE-46AB-829A-737B1F7F299F}.Release|ARM.Deploy.0 = Release|iPhone
		{7FB7901B-A1EE-46AB-829A-737B1F7F299F}.Release|iPhone.ActiveCfg = Release|iPhone
		{7FB7901B-A1EE-46AB-829A-737B1F7F299F}.Release|iPhone.Build.0 = Release|iPhone
		{7FB7901B-A1EE-46AB-829A-737B1F7F299F}.Release|iPhone.Deploy.0 = Release|iPhone
		{7FB7901B-A1EE-46AB-829A-737B1F7F299F}.Release|iPhoneSimulator.ActiveCfg = Release|iPhoneSimulator
		{7FB7901B-A1EE-46AB-829A-737B1F7F299F}.Release|iPhoneSimulator.Build.0 = Release|iPhoneSimulator
		{7FB7901B-A1EE-46AB-829A-737B1F7F299F}.Release|iPhoneSimulator.Deploy.0 = Release|iPhoneSimulator
		{7FB7901B-A1EE-46AB-829A-737B1F7F299F}.Release|x64.ActiveCfg = Release|iPhone
		{7FB7901B-A1EE-46AB-829A-737B1F7F299F}.Release|x64.Build.0 = Release|iPhone
		{7FB7901B-A1EE-46AB-829A-737B1F7F299F}.Release|x64.Deploy.0 = Release|iPhone
		{7FB7901B-A1EE-46AB-829A-737B1F7F299F}.Release|x86.ActiveCfg = Release|iPhone
		{7FB7901B-A1EE-46AB-829A-737B1F7F299F}.Release|x86.Build.0 = Release|iPhone
		{7FB7901B-A1EE-46AB-829A-737B1F7F299F}.Release|x86.Deploy.0 = Release|iPhone
		{93031082-E110-4DE2-8B64-C252DFE71296}.Debug|Any CPU.ActiveCfg = Debug|Any CPU
		{93031082-E110-4DE2-8B64-C252DFE71296}.Debug|Any CPU.Build.0 = Debug|Any CPU
		{93031082-E110-4DE2-8B64-C252DFE71296}.Debug|Any CPU.Deploy.0 = Debug|Any CPU
		{93031082-E110-4DE2-8B64-C252DFE71296}.Debug|ARM.ActiveCfg = Debug|Any CPU
		{93031082-E110-4DE2-8B64-C252DFE71296}.Debug|ARM.Build.0 = Debug|Any CPU
		{93031082-E110-4DE2-8B64-C252DFE71296}.Debug|ARM.Deploy.0 = Debug|Any CPU
		{93031082-E110-4DE2-8B64-C252DFE71296}.Debug|iPhone.ActiveCfg = Debug|Any CPU
		{93031082-E110-4DE2-8B64-C252DFE71296}.Debug|iPhone.Build.0 = Debug|Any CPU
		{93031082-E110-4DE2-8B64-C252DFE71296}.Debug|iPhone.Deploy.0 = Debug|Any CPU
		{93031082-E110-4DE2-8B64-C252DFE71296}.Debug|iPhoneSimulator.ActiveCfg = Debug|Any CPU
		{93031082-E110-4DE2-8B64-C252DFE71296}.Debug|iPhoneSimulator.Build.0 = Debug|Any CPU
		{93031082-E110-4DE2-8B64-C252DFE71296}.Debug|iPhoneSimulator.Deploy.0 = Debug|Any CPU
		{93031082-E110-4DE2-8B64-C252DFE71296}.Debug|x64.ActiveCfg = Debug|Any CPU
		{93031082-E110-4DE2-8B64-C252DFE71296}.Debug|x64.Build.0 = Debug|Any CPU
		{93031082-E110-4DE2-8B64-C252DFE71296}.Debug|x64.Deploy.0 = Debug|Any CPU
		{93031082-E110-4DE2-8B64-C252DFE71296}.Debug|x86.ActiveCfg = Debug|Any CPU
		{93031082-E110-4DE2-8B64-C252DFE71296}.Debug|x86.Build.0 = Debug|Any CPU
		{93031082-E110-4DE2-8B64-C252DFE71296}.Debug|x86.Deploy.0 = Debug|Any CPU
		{93031082-E110-4DE2-8B64-C252DFE71296}.Release|Any CPU.ActiveCfg = Release|Any CPU
		{93031082-E110-4DE2-8B64-C252DFE71296}.Release|Any CPU.Build.0 = Release|Any CPU
		{93031082-E110-4DE2-8B64-C252DFE71296}.Release|Any CPU.Deploy.0 = Release|Any CPU
		{93031082-E110-4DE2-8B64-C252DFE71296}.Release|ARM.ActiveCfg = Release|Any CPU
		{93031082-E110-4DE2-8B64-C252DFE71296}.Release|ARM.Build.0 = Release|Any CPU
		{93031082-E110-4DE2-8B64-C252DFE71296}.Release|ARM.Deploy.0 = Release|Any CPU
		{93031082-E110-4DE2-8B64-C252DFE71296}.Release|iPhone.ActiveCfg = Release|Any CPU
		{93031082-E110-4DE2-8B64-C252DFE71296}.Release|iPhone.Build.0 = Release|Any CPU
		{93031082-E110-4DE2-8B64-C252DFE71296}.Release|iPhone.Deploy.0 = Release|Any CPU
		{93031082-E110-4DE2-8B64-C252DFE71296}.Release|iPhoneSimulator.ActiveCfg = Release|Any CPU
		{93031082-E110-4DE2-8B64-C252DFE71296}.Release|iPhoneSimulator.Build.0 = Release|Any CPU
		{93031082-E110-4DE2-8B64-C252DFE71296}.Release|iPhoneSimulator.Deploy.0 = Release|Any CPU
		{93031082-E110-4DE2-8B64-C252DFE71296}.Release|x64.ActiveCfg = Release|Any CPU
		{93031082-E110-4DE2-8B64-C252DFE71296}.Release|x64.Build.0 = Release|Any CPU
		{93031082-E110-4DE2-8B64-C252DFE71296}.Release|x64.Deploy.0 = Release|Any CPU
		{93031082-E110-4DE2-8B64-C252DFE71296}.Release|x86.ActiveCfg = Release|Any CPU
		{93031082-E110-4DE2-8B64-C252DFE71296}.Release|x86.Build.0 = Release|Any CPU
		{93031082-E110-4DE2-8B64-C252DFE71296}.Release|x86.Deploy.0 = Release|Any CPU
	EndGlobalSection
	GlobalSection(SolutionProperties) = preSolution
		HideSolutionNode = FALSE
	EndGlobalSection
	GlobalSection(ExtensibilityGlobals) = postSolution
		SolutionGuid = {A01AEEED-03F4-4C55-8B5D-D80713094420}
	EndGlobalSection
EndGlobal
